
Microsoft Visual Studio Solution File, Format Version 12.00
# Visual Studio Version 16
VisualStudioVersion = 16.0.31702.278
MinimumVisualStudioVersion = 10.0.40219.1
Project("{9A19103F-16F7-4668-BE54-9A1E7A4F7556}") = "CursoMVC", "CursoMVC\CursoMVC.csproj", "{5BA2A0A0-653D-4D2B-A275-393AC4AFEE9F}"
EndProject
Project("{FAE04EC0-301F-11D3-BF4B-00C04F79EFBC}") = "CursoAPI", "CursoAPI\CursoAPI.csproj", "{07736CDA-0CF8-4E24-83B2-D148B46965FD}"
EndProject
Project("{FAE04EC0-301F-11D3-BF4B-00C04F79EFBC}") = "CursoTest", "CursoTest\CursoTest.csproj", "{E8393A06-0C2B-46D8-AF3E-AED71B2F1AB1}"
EndProject
Global
	GlobalSection(SolutionConfigurationPlatforms) = preSolution
		Debug|Any CPU = Debug|Any CPU
		Release|Any CPU = Release|Any CPU
	EndGlobalSection
	GlobalSection(ProjectConfigurationPlatforms) = postSolution
		{5BA2A0A0-653D-4D2B-A275-393AC4AFEE9F}.Debug|Any CPU.ActiveCfg = Debug|Any CPU
		{5BA2A0A0-653D-4D2B-A275-393AC4AFEE9F}.Debug|Any CPU.Build.0 = Debug|Any CPU
		{5BA2A0A0-653D-4D2B-A275-393AC4AFEE9F}.Release|Any CPU.ActiveCfg = Release|Any CPU
		{5BA2A0A0-653D-4D2B-A275-393AC4AFEE9F}.Release|Any CPU.Build.0 = Release|Any CPU
		{07736CDA-0CF8-4E24-83B2-D148B46965FD}.Debug|Any CPU.ActiveCfg = Debug|Any CPU
		{07736CDA-0CF8-4E24-83B2-D148B46965FD}.Debug|Any CPU.Build.0 = Debug|Any CPU
		{07736CDA-0CF8-4E24-83B2-D148B46965FD}.Release|Any CPU.ActiveCfg = Release|Any CPU
		{07736CDA-0CF8-4E24-83B2-D148B46965FD}.Release|Any CPU.Build.0 = Release|Any CPU
		{E8393A06-0C2B-46D8-AF3E-AED71B2F1AB1}.Debug|Any CPU.ActiveCfg = Debug|Any CPU
		{E8393A06-0C2B-46D8-AF3E-AED71B2F1AB1}.Debug|Any CPU.Build.0 = Debug|Any CPU
		{E8393A06-0C2B-46D8-AF3E-AED71B2F1AB1}.Release|Any CPU.ActiveCfg = Release|Any CPU
		{E8393A06-0C2B-46D8-AF3E-AED71B2F1AB1}.Release|Any CPU.Build.0 = Release|Any CPU
	EndGlobalSection
	GlobalSection(SolutionProperties) = preSolution
		HideSolutionNode = FALSE
	EndGlobalSection
	GlobalSection(ExtensibilityGlobals) = postSolution
		SolutionGuid = {62367F5E-8580-4F5F-A94E-DF3792DEBE16}
	EndGlobalSection
EndGlobal
